
Microsoft Visual Studio Solution File, Format Version 12.00
# Visual Studio Version 17
VisualStudioVersion = 17.4.33213.308
MinimumVisualStudioVersion = 10.0.40219.1
Project("{8BC9CEB8-8B4A-11D0-8D11-00A0C91BC942}") = "OmenDriverPatcher", "OmenDriverPatcher\OmenDriverPatcher.vcxproj", "{8E093FFB-12FC-439B-B5CD-8BFED443059B}"
EndProject
Project("{9A19103F-16F7-4668-BE54-9A1E7A4F7556}") = "HpShimLibrary", "HPShimLibrary\HpShimLibrary.csproj", "{7687196D-2D97-482E-9E2A-14705CD0CB2E}"
EndProject
Project("{9A19103F-16F7-4668-BE54-9A1E7A4F7556}") = "OmenHubLight.EventWatcher", "OmenHubLight.EventWatcher\OmenHubLight.EventWatcher.csproj", "{A471EB80-836F-4AA8-93FF-7A6B71A3A7E1}"
EndProject
Project("{9A19103F-16F7-4668-BE54-9A1E7A4F7556}") = "OmenHubLight.Lib", "OmenHubLight.Lib\OmenHubLight.Lib.csproj", "{7D8C7921-9311-41FA-8262-BF21F19B6CD6}"
EndProject
Project("{9A19103F-16F7-4668-BE54-9A1E7A4F7556}") = "OpenHardwareMonitorLib", "OpenHardwareMonitor\OpenHardwareMonitorLib.csproj", "{0EBEFC65-EC81-4A7D-819E-E7EE57FCA122}"
EndProject
Project("{9A19103F-16F7-4668-BE54-9A1E7A4F7556}") = "OmenHubLighter", "OmenHubLighter\OmenHubLighter.csproj", "{25C21FB9-69B5-47F3-914E-9E2621054501}"
EndProject
Global
	GlobalSection(SolutionConfigurationPlatforms) = preSolution
		Debug|Any CPU = Debug|Any CPU
		Debug|ARM = Debug|ARM
		Debug|ARM64 = Debug|ARM64
		Debug|x64 = Debug|x64
		Debug|x86 = Debug|x86
		Release|Any CPU = Release|Any CPU
		Release|ARM = Release|ARM
		Release|ARM64 = Release|ARM64
		Release|x64 = Release|x64
		Release|x86 = Release|x86
	EndGlobalSection
	GlobalSection(ProjectConfigurationPlatforms) = postSolution
		{8E093FFB-12FC-439B-B5CD-8BFED443059B}.Debug|Any CPU.ActiveCfg = Debug|x64
		{8E093FFB-12FC-439B-B5CD-8BFED443059B}.Debug|ARM.ActiveCfg = Debug|x64
		{8E093FFB-12FC-439B-B5CD-8BFED443059B}.Debug|ARM.Build.0 = Debug|x64
		{8E093FFB-12FC-439B-B5CD-8BFED443059B}.Debug|ARM64.ActiveCfg = Debug|x64
		{8E093FFB-12FC-439B-B5CD-8BFED443059B}.Debug|ARM64.Build.0 = Debug|x64
		{8E093FFB-12FC-439B-B5CD-8BFED443059B}.Debug|x64.ActiveCfg = Debug|x64
		{8E093FFB-12FC-439B-B5CD-8BFED443059B}.Debug|x64.Build.0 = Debug|x64
		{8E093FFB-12FC-439B-B5CD-8BFED443059B}.Debug|x86.ActiveCfg = Debug|x64
		{8E093FFB-12FC-439B-B5CD-8BFED443059B}.Debug|x86.Build.0 = Debug|x64
		{8E093FFB-12FC-439B-B5CD-8BFED443059B}.Release|Any CPU.ActiveCfg = Release|x64
		{8E093FFB-12FC-439B-B5CD-8BFED443059B}.Release|Any CPU.Build.0 = Release|x64
		{8E093FFB-12FC-439B-B5CD-8BFED443059B}.Release|ARM.ActiveCfg = Release|x64
		{8E093FFB-12FC-439B-B5CD-8BFED443059B}.Release|ARM.Build.0 = Release|x64
		{8E093FFB-12FC-439B-B5CD-8BFED443059B}.Release|ARM64.ActiveCfg = Release|x64
		{8E093FFB-12FC-439B-B5CD-8BFED443059B}.Release|ARM64.Build.0 = Release|x64
		{8E093FFB-12FC-439B-B5CD-8BFED443059B}.Release|x64.ActiveCfg = Release|x64
		{8E093FFB-12FC-439B-B5CD-8BFED443059B}.Release|x64.Build.0 = Release|x64
		{8E093FFB-12FC-439B-B5CD-8BFED443059B}.Release|x86.ActiveCfg = Release|x64
		{8E093FFB-12FC-439B-B5CD-8BFED443059B}.Release|x86.Build.0 = Release|x64
		{7687196D-2D97-482E-9E2A-14705CD0CB2E}.Debug|Any CPU.ActiveCfg = Debug|x64
		{7687196D-2D97-482E-9E2A-14705CD0CB2E}.Debug|Any CPU.Build.0 = Debug|x64
		{7687196D-2D97-482E-9E2A-14705CD0CB2E}.Debug|ARM.ActiveCfg = Debug|x64
		{7687196D-2D97-482E-9E2A-14705CD0CB2E}.Debug|ARM.Build.0 = Debug|x64
		{7687196D-2D97-482E-9E2A-14705CD0CB2E}.Debug|ARM64.ActiveCfg = Debug|x64
		{7687196D-2D97-482E-9E2A-14705CD0CB2E}.Debug|ARM64.Build.0 = Debug|x64
		{7687196D-2D97-482E-9E2A-14705CD0CB2E}.Debug|x64.ActiveCfg = Debug|x64
		{7687196D-2D97-482E-9E2A-14705CD0CB2E}.Debug|x64.Build.0 = Debug|x64
		{7687196D-2D97-482E-9E2A-14705CD0CB2E}.Debug|x86.ActiveCfg = Debug|x64
		{7687196D-2D97-482E-9E2A-14705CD0CB2E}.Debug|x86.Build.0 = Debug|x64
		{7687196D-2D97-482E-9E2A-14705CD0CB2E}.Release|Any CPU.ActiveCfg = Release|x64
		{7687196D-2D97-482E-9E2A-14705CD0CB2E}.Release|Any CPU.Build.0 = Release|x64
		{7687196D-2D97-482E-9E2A-14705CD0CB2E}.Release|ARM.ActiveCfg = Release|x64
		{7687196D-2D97-482E-9E2A-14705CD0CB2E}.Release|ARM.Build.0 = Release|x64
		{7687196D-2D97-482E-9E2A-14705CD0CB2E}.Release|ARM64.ActiveCfg = Release|x64
		{7687196D-2D97-482E-9E2A-14705CD0CB2E}.Release|ARM64.Build.0 = Release|x64
		{7687196D-2D97-482E-9E2A-14705CD0CB2E}.Release|x64.ActiveCfg = Release|x64
		{7687196D-2D97-482E-9E2A-14705CD0CB2E}.Release|x64.Build.0 = Release|x64
		{7687196D-2D97-482E-9E2A-14705CD0CB2E}.Release|x86.ActiveCfg = Release|x64
		{7687196D-2D97-482E-9E2A-14705CD0CB2E}.Release|x86.Build.0 = Release|x64
		{A471EB80-836F-4AA8-93FF-7A6B71A3A7E1}.Debug|Any CPU.ActiveCfg = Debug|x64
		{A471EB80-836F-4AA8-93FF-7A6B71A3A7E1}.Debug|Any CPU.Build.0 = Debug|x64
		{A471EB80-836F-4AA8-93FF-7A6B71A3A7E1}.Debug|ARM.ActiveCfg = Debug|x64
		{A471EB80-836F-4AA8-93FF-7A6B71A3A7E1}.Debug|ARM.Build.0 = Debug|x64
		{A471EB80-836F-4AA8-93FF-7A6B71A3A7E1}.Debug|ARM64.ActiveCfg = Debug|x64
		{A471EB80-836F-4AA8-93FF-7A6B71A3A7E1}.Debug|ARM64.Build.0 = Debug|x64
		{A471EB80-836F-4AA8-93FF-7A6B71A3A7E1}.Debug|x64.ActiveCfg = Debug|x64
		{A471EB80-836F-4AA8-93FF-7A6B71A3A7E1}.Debug|x64.Build.0 = Debug|x64
		{A471EB80-836F-4AA8-93FF-7A6B71A3A7E1}.Debug|x86.ActiveCfg = Debug|x64
		{A471EB80-836F-4AA8-93FF-7A6B71A3A7E1}.Debug|x86.Build.0 = Debug|x64
		{A471EB80-836F-4AA8-93FF-7A6B71A3A7E1}.Release|Any CPU.ActiveCfg = Release|x64
		{A471EB80-836F-4AA8-93FF-7A6B71A3A7E1}.Release|Any CPU.Build.0 = Release|x64
		{A471EB80-836F-4AA8-93FF-7A6B71A3A7E1}.Release|ARM.ActiveCfg = Release|x64
		{A471EB80-836F-4AA8-93FF-7A6B71A3A7E1}.Release|ARM.Build.0 = Release|x64
		{A471EB80-836F-4AA8-93FF-7A6B71A3A7E1}.Release|ARM64.ActiveCfg = Release|x64
		{A471EB80-836F-4AA8-93FF-7A6B71A3A7E1}.Release|ARM64.Build.0 = Release|x64
		{A471EB80-836F-4AA8-93FF-7A6B71A3A7E1}.Release|x64.ActiveCfg = Release|x64
		{A471EB80-836F-4AA8-93FF-7A6B71A3A7E1}.Release|x86.ActiveCfg = Release|x64
		{A471EB80-836F-4AA8-93FF-7A6B71A3A7E1}.Release|x86.Build.0 = Release|x64
		{7D8C7921-9311-41FA-8262-BF21F19B6CD6}.Debug|Any CPU.ActiveCfg = Debug|Any CPU
		{7D8C7921-9311-41FA-8262-BF21F19B6CD6}.Debug|Any CPU.Build.0 = Debug|Any CPU
		{7D8C7921-9311-41FA-8262-BF21F19B6CD6}.Debug|ARM.ActiveCfg = Debug|Any CPU
		{7D8C7921-9311-41FA-8262-BF21F19B6CD6}.Debug|ARM.Build.0 = Debug|Any CPU
		{7D8C7921-9311-41FA-8262-BF21F19B6CD6}.Debug|ARM64.ActiveCfg = Debug|Any CPU
		{7D8C7921-9311-41FA-8262-BF21F19B6CD6}.Debug|ARM64.Build.0 = Debug|Any CPU
		{7D8C7921-9311-41FA-8262-BF21F19B6CD6}.Debug|x64.ActiveCfg = Debug|Any CPU
		{7D8C7921-9311-41FA-8262-BF21F19B6CD6}.Debug|x64.Build.0 = Debug|Any CPU
		{7D8C7921-9311-41FA-8262-BF21F19B6CD6}.Debug|x86.ActiveCfg = Debug|Any CPU
		{7D8C7921-9311-41FA-8262-BF21F19B6CD6}.Debug|x86.Build.0 = Debug|Any CPU
		{7D8C7921-9311-41FA-8262-BF21F19B6CD6}.Release|Any CPU.ActiveCfg = Release|Any CPU
		{7D8C7921-9311-41FA-8262-BF21F19B6CD6}.Release|Any CPU.Build.0 = Release|Any CPU
		{7D8C7921-9311-41FA-8262-BF21F19B6CD6}.Release|ARM.ActiveCfg = Release|Any CPU
		{7D8C7921-9311-41FA-8262-BF21F19B6CD6}.Release|ARM.Build.0 = Release|Any CPU
		{7D8C7921-9311-41FA-8262-BF21F19B6CD6}.Release|ARM64.ActiveCfg = Release|Any CPU
		{7D8C7921-9311-41FA-8262-BF21F19B6CD6}.Release|ARM64.Build.0 = Release|Any CPU
		{7D8C7921-9311-41FA-8262-BF21F19B6CD6}.Release|x64.ActiveCfg = Release|Any CPU
		{7D8C7921-9311-41FA-8262-BF21F19B6CD6}.Release|x64.Build.0 = Release|Any CPU
		{7D8C7921-9311-41FA-8262-BF21F19B6CD6}.Release|x86.ActiveCfg = Release|Any CPU
		{7D8C7921-9311-41FA-8262-BF21F19B6CD6}.Release|x86.Build.0 = Release|Any CPU
		{0EBEFC65-EC81-4A7D-819E-E7EE57FCA122}.Debug|Any CPU.ActiveCfg = Debug|Any CPU
		{0EBEFC65-EC81-4A7D-819E-E7EE57FCA122}.Debug|Any CPU.Build.0 = Debug|Any CPU
		{0EBEFC65-EC81-4A7D-819E-E7EE57FCA122}.Debug|ARM.ActiveCfg = Debug|Any CPU
		{0EBEFC65-EC81-4A7D-819E-E7EE57FCA122}.Debug|ARM.Build.0 = Debug|Any CPU
		{0EBEFC65-EC81-4A7D-819E-E7EE57FCA122}.Debug|ARM64.ActiveCfg = Debug|Any CPU
		{0EBEFC65-EC81-4A7D-819E-E7EE57FCA122}.Debug|ARM64.Build.0 = Debug|Any CPU
		{0EBEFC65-EC81-4A7D-819E-E7EE57FCA122}.Debug|x64.ActiveCfg = Debug|Any CPU
		{0EBEFC65-EC81-4A7D-819E-E7EE57FCA122}.Debug|x64.Build.0 = Debug|Any CPU
		{0EBEFC65-EC81-4A7D-819E-E7EE57FCA122}.Debug|x86.ActiveCfg = Debug|Any CPU
		{0EBEFC65-EC81-4A7D-819E-E7EE57FCA122}.Debug|x86.Build.0 = Debug|Any CPU
		{0EBEFC65-EC81-4A7D-819E-E7EE57FCA122}.Release|Any CPU.ActiveCfg = Release|Any CPU
		{0EBEFC65-EC81-4A7D-819E-E7EE57FCA122}.Release|Any CPU.Build.0 = Release|Any CPU
		{0EBEFC65-EC81-4A7D-819E-E7EE57FCA122}.Release|ARM.ActiveCfg = Release|Any CPU
		{0EBEFC65-EC81-4A7D-819E-E7EE57FCA122}.Release|ARM.Build.0 = Release|Any CPU
		{0EBEFC65-EC81-4A7D-819E-E7EE57FCA122}.Release|ARM64.ActiveCfg = Release|Any CPU
		{0EBEFC65-EC81-4A7D-819E-E7EE57FCA122}.Release|ARM64.Build.0 = Release|Any CPU
		{0EBEFC65-EC81-4A7D-819E-E7EE57FCA122}.Release|x64.ActiveCfg = Release|Any CPU
		{0EBEFC65-EC81-4A7D-819E-E7EE57FCA122}.Release|x64.Build.0 = Release|Any CPU
		{0EBEFC65-EC81-4A7D-819E-E7EE57FCA122}.Release|x86.ActiveCfg = Release|Any CPU
		{0EBEFC65-EC81-4A7D-819E-E7EE57FCA122}.Release|x86.Build.0 = Release|Any CPU
		{25C21FB9-69B5-47F3-914E-9E2621054501}.Debug|Any CPU.ActiveCfg = Debug|Any CPU
		{25C21FB9-69B5-47F3-914E-9E2621054501}.Debug|Any CPU.Build.0 = Debug|Any CPU
		{25C21FB9-69B5-47F3-914E-9E2621054501}.Debug|ARM.ActiveCfg = Debug|Any CPU
		{25C21FB9-69B5-47F3-914E-9E2621054501}.Debug|ARM.Build.0 = Debug|Any CPU
		{25C21FB9-69B5-47F3-914E-9E2621054501}.Debug|ARM64.ActiveCfg = Debug|Any CPU
		{25C21FB9-69B5-47F3-914E-9E2621054501}.Debug|ARM64.Build.0 = Debug|Any CPU
		{25C21FB9-69B5-47F3-914E-9E2621054501}.Debug|x64.ActiveCfg = Debug|Any CPU
		{25C21FB9-69B5-47F3-914E-9E2621054501}.Debug|x64.Build.0 = Debug|Any CPU
		{25C21FB9-69B5-47F3-914E-9E2621054501}.Debug|x86.ActiveCfg = Debug|Any CPU
		{25C21FB9-69B5-47F3-914E-9E2621054501}.Debug|x86.Build.0 = Debug|Any CPU
		{25C21FB9-69B5-47F3-914E-9E2621054501}.Release|Any CPU.ActiveCfg = Release|Any CPU
		{25C21FB9-69B5-47F3-914E-9E2621054501}.Release|Any CPU.Build.0 = Release|Any CPU
		{25C21FB9-69B5-47F3-914E-9E2621054501}.Release|ARM.ActiveCfg = Release|Any CPU
		{25C21FB9-69B5-47F3-914E-9E2621054501}.Release|ARM.Build.0 = Release|Any CPU
		{25C21FB9-69B5-47F3-914E-9E2621054501}.Release|ARM64.ActiveCfg = Release|Any CPU
		{25C21FB9-69B5-47F3-914E-9E2621054501}.Release|ARM64.Build.0 = Release|Any CPU
		{25C21FB9-69B5-47F3-914E-9E2621054501}.Release|x64.ActiveCfg = Release|Any CPU
		{25C21FB9-69B5-47F3-914E-9E2621054501}.Release|x64.Build.0 = Release|Any CPU
		{25C21FB9-69B5-47F3-914E-9E2621054501}.Release|x86.ActiveCfg = Release|Any CPU
		{25C21FB9-69B5-47F3-914E-9E2621054501}.Release|x86.Build.0 = Release|Any CPU
	EndGlobalSection
	GlobalSection(SolutionProperties) = preSolution
		HideSolutionNode = FALSE
	EndGlobalSection
	GlobalSection(ExtensibilityGlobals) = postSolution
		SolutionGuid = {11DA4572-E8D2-407F-8B30-7E7475ADBA26}
	EndGlobalSection
EndGlobal
